// !$*UTF8*$!
{
	archiveVersion = 1;
	classes = {
	};
	objectVersion = 46;
	objects = {

/* Begin PBXBuildFile section */
		1A4B76FB11907DD600940A50 /* MapKit.framework in Frameworks */ = {isa = PBXBuildFile; fileRef = 1A4B76FA11907DD600940A50 /* MapKit.framework */; };
		1A4B770A11907E0300940A50 /* KMLParser.m in Sources */ = {isa = PBXBuildFile; fileRef = 1A4B770911907E0300940A50 /* KMLParser.m */; };
		1A4B77311190911400940A50 /* CoreLocation.framework in Frameworks */ = {isa = PBXBuildFile; fileRef = 1A4B77301190911400940A50 /* CoreLocation.framework */; };
		1D3623260D0F684500981E51 /* KMLViewerAppDelegate.m in Sources */ = {isa = PBXBuildFile; fileRef = 1D3623250D0F684500981E51 /* KMLViewerAppDelegate.m */; };
		1D60589B0D05DD56006BFB54 /* main.m in Sources */ = {isa = PBXBuildFile; fileRef = 29B97316FDCFA39411CA2CEA /* main.m */; };
		1D60589F0D05DD5A006BFB54 /* Foundation.framework in Frameworks */ = {isa = PBXBuildFile; fileRef = 1D30AB110D05D00D00671497 /* Foundation.framework */; };
		1DF5F4E00D08C38300B7A737 /* UIKit.framework in Frameworks */ = {isa = PBXBuildFile; fileRef = 1DF5F4DF0D08C38300B7A737 /* UIKit.framework */; };
		288765A50DF7441C002DB57D /* CoreGraphics.framework in Frameworks */ = {isa = PBXBuildFile; fileRef = 288765A40DF7441C002DB57D /* CoreGraphics.framework */; };
		28D7ACF80DDB3853001CB0EB /* KMLViewerViewController.m in Sources */ = {isa = PBXBuildFile; fileRef = 28D7ACF70DDB3853001CB0EB /* KMLViewerViewController.m */; };
		533ECC0B11F63EA00067A265 /* KMLViewerViewController.xib in Resources */ = {isa = PBXBuildFile; fileRef = 533ECC0711F63EA00067A265 /* KMLViewerViewController.xib */; };
		533ECC0C11F63EA00067A265 /* MainWindow.xib in Resources */ = {isa = PBXBuildFile; fileRef = 533ECC0911F63EA00067A265 /* MainWindow.xib */; };
		535BE74414B7C82C00969FF3 /* KML_Sample.kml in Resources */ = {isa = PBXBuildFile; fileRef = 535BE74314B7C82C00969FF3 /* KML_Sample.kml */; };
		5398E9ED11F640E0002BFB95 /* Icon-72.png in Resources */ = {isa = PBXBuildFile; fileRef = 5398E9E611F640E0002BFB95 /* Icon-72.png */; };
		5398E9EE11F640E0002BFB95 /* Icon-Small-50.png in Resources */ = {isa = PBXBuildFile; fileRef = 5398E9E711F640E0002BFB95 /* Icon-Small-50.png */; };
		5398E9EF11F640E0002BFB95 /* Icon-Small.png in Resources */ = {isa = PBXBuildFile; fileRef = 5398E9E811F640E0002BFB95 /* Icon-Small.png */; };
		5398E9F011F640E0002BFB95 /* Icon-Small@2x.png in Resources */ = {isa = PBXBuildFile; fileRef = 5398E9E911F640E0002BFB95 /* Icon-Small@2x.png */; };
		5398E9F111F640E0002BFB95 /* Icon.png in Resources */ = {isa = PBXBuildFile; fileRef = 5398E9EA11F640E0002BFB95 /* Icon.png */; };
		5398E9F211F640E0002BFB95 /* Icon@2x.png in Resources */ = {isa = PBXBuildFile; fileRef = 5398E9EB11F640E0002BFB95 /* Icon@2x.png */; };
		5398E9F311F640E0002BFB95 /* iTunesArtwork in Resources */ = {isa = PBXBuildFile; fileRef = 5398E9EC11F640E0002BFB95 /* iTunesArtwork */; };
		9D48EF7518FD9F4800CAAA02 /* Praça Portugal.GPX in Resources */ = {isa = PBXBuildFile; fileRef = 9D48EF7418FD9F4800CAAA02 /* Praça Portugal.GPX */; };
		9DCDF83618FC03340073E063 /* Mapa Cicloviário e de Rotas Alternativas de Fortaleza.kml in Resources */ = {isa = PBXBuildFile; fileRef = 9DCDF83518FC03340073E063 /* Mapa Cicloviário e de Rotas Alternativas de Fortaleza.kml */; };
		9DD1AA92190DABB3008D7C14 /* Default-568h@2x.png in Resources */ = {isa = PBXBuildFile; fileRef = 9DD1AA91190DABB3008D7C14 /* Default-568h@2x.png */; };
		9DD1AABA190DADFF008D7C14 /* AFHTTPRequestOperation.m in Sources */ = {isa = PBXBuildFile; fileRef = 9DD1AA96190DADFF008D7C14 /* AFHTTPRequestOperation.m */; };
		9DD1AABB190DADFF008D7C14 /* AFHTTPRequestOperationManager.m in Sources */ = {isa = PBXBuildFile; fileRef = 9DD1AA98190DADFF008D7C14 /* AFHTTPRequestOperationManager.m */; };
		9DD1AABC190DADFF008D7C14 /* AFHTTPSessionManager.m in Sources */ = {isa = PBXBuildFile; fileRef = 9DD1AA9A190DADFF008D7C14 /* AFHTTPSessionManager.m */; };
		9DD1AABD190DADFF008D7C14 /* AFNetworkReachabilityManager.m in Sources */ = {isa = PBXBuildFile; fileRef = 9DD1AA9D190DADFF008D7C14 /* AFNetworkReachabilityManager.m */; };
		9DD1AABE190DADFF008D7C14 /* AFSecurityPolicy.m in Sources */ = {isa = PBXBuildFile; fileRef = 9DD1AA9F190DADFF008D7C14 /* AFSecurityPolicy.m */; };
		9DD1AABF190DADFF008D7C14 /* AFURLConnectionOperation.m in Sources */ = {isa = PBXBuildFile; fileRef = 9DD1AAA1190DADFF008D7C14 /* AFURLConnectionOperation.m */; };
		9DD1AAC0190DADFF008D7C14 /* AFURLRequestSerialization.m in Sources */ = {isa = PBXBuildFile; fileRef = 9DD1AAA3190DADFF008D7C14 /* AFURLRequestSerialization.m */; };
		9DD1AAC1190DADFF008D7C14 /* AFURLResponseSerialization.m in Sources */ = {isa = PBXBuildFile; fileRef = 9DD1AAA5190DADFF008D7C14 /* AFURLResponseSerialization.m */; };
		9DD1AAC2190DADFF008D7C14 /* AFURLSessionManager.m in Sources */ = {isa = PBXBuildFile; fileRef = 9DD1AAA7190DADFF008D7C14 /* AFURLSessionManager.m */; };
		9DD1AAC3190DADFF008D7C14 /* AFNetworkActivityIndicatorManager.m in Sources */ = {isa = PBXBuildFile; fileRef = 9DD1AAAA190DADFF008D7C14 /* AFNetworkActivityIndicatorManager.m */; };
		9DD1AAC4190DADFF008D7C14 /* UIActivityIndicatorView+AFNetworking.m in Sources */ = {isa = PBXBuildFile; fileRef = 9DD1AAAC190DADFF008D7C14 /* UIActivityIndicatorView+AFNetworking.m */; };
		9DD1AAC5190DADFF008D7C14 /* UIAlertView+AFNetworking.m in Sources */ = {isa = PBXBuildFile; fileRef = 9DD1AAAE190DADFF008D7C14 /* UIAlertView+AFNetworking.m */; };
		9DD1AAC6190DADFF008D7C14 /* UIButton+AFNetworking.m in Sources */ = {isa = PBXBuildFile; fileRef = 9DD1AAB0190DADFF008D7C14 /* UIButton+AFNetworking.m */; };
		9DD1AAC7190DADFF008D7C14 /* UIImageView+AFNetworking.m in Sources */ = {isa = PBXBuildFile; fileRef = 9DD1AAB2190DADFF008D7C14 /* UIImageView+AFNetworking.m */; };
		9DD1AAC8190DADFF008D7C14 /* UIProgressView+AFNetworking.m in Sources */ = {isa = PBXBuildFile; fileRef = 9DD1AAB5190DADFF008D7C14 /* UIProgressView+AFNetworking.m */; };
		9DD1AAC9190DADFF008D7C14 /* UIRefreshControl+AFNetworking.m in Sources */ = {isa = PBXBuildFile; fileRef = 9DD1AAB7190DADFF008D7C14 /* UIRefreshControl+AFNetworking.m */; };
		9DD1AACA190DADFF008D7C14 /* UIWebView+AFNetworking.m in Sources */ = {isa = PBXBuildFile; fileRef = 9DD1AAB9190DADFF008D7C14 /* UIWebView+AFNetworking.m */; };
		9DD1AACC190DB388008D7C14 /* SystemConfiguration.framework in Frameworks */ = {isa = PBXBuildFile; fileRef = 9DD1AACB190DB388008D7C14 /* SystemConfiguration.framework */; };
		9DD1AACE190DB3A8008D7C14 /* CFNetwork.framework in Frameworks */ = {isa = PBXBuildFile; fileRef = 9DD1AACD190DB3A8008D7C14 /* CFNetwork.framework */; };
		9DD1AAD0190DB3B4008D7C14 /* Security.framework in Frameworks */ = {isa = PBXBuildFile; fileRef = 9DD1AACF190DB3B4008D7C14 /* Security.framework */; };
		9DD1AAD2190DB485008D7C14 /* MobileCoreServices.framework in Frameworks */ = {isa = PBXBuildFile; fileRef = 9DD1AAD1190DB484008D7C14 /* MobileCoreServices.framework */; };
		9DE86A4A19103F8A002429B4 /* RequestManager.m in Sources */ = {isa = PBXBuildFile; fileRef = 9DE86A4919103F8A002429B4 /* RequestManager.m */; };
		9DE86A4D191040DE002429B4 /* Manager.m in Sources */ = {isa = PBXBuildFile; fileRef = 9DE86A4C191040DE002429B4 /* Manager.m */; };
		9DE86A54191051F7002429B4 /* KMLManager.m in Sources */ = {isa = PBXBuildFile; fileRef = 9DE86A53191051F7002429B4 /* KMLManager.m */; };
		9DE86A57191055B8002429B4 /* BasicManager.m in Sources */ = {isa = PBXBuildFile; fileRef = 9DE86A56191055B8002429B4 /* BasicManager.m */; };
		9DF73F4B190DE2AA00C4CEEA /* Tapioqueiras_até_Guaramiranga.kml in Resources */ = {isa = PBXBuildFile; fileRef = 9DF73F4A190DE2AA00C4CEEA /* Tapioqueiras_até_Guaramiranga.kml */; };
/* End PBXBuildFile section */

/* Begin PBXFileReference section */
		1A4B76FA11907DD600940A50 /* MapKit.framework */ = {isa = PBXFileReference; lastKnownFileType = wrapper.framework; name = MapKit.framework; path = System/Library/Frameworks/MapKit.framework; sourceTree = SDKROOT; };
		1A4B770811907E0300940A50 /* KMLParser.h */ = {isa = PBXFileReference; fileEncoding = 4; lastKnownFileType = sourcecode.c.h; path = KMLParser.h; sourceTree = "<group>"; };
		1A4B770911907E0300940A50 /* KMLParser.m */ = {isa = PBXFileReference; fileEncoding = 4; lastKnownFileType = sourcecode.c.objc; path = KMLParser.m; sourceTree = "<group>"; };
		1A4B77301190911400940A50 /* CoreLocation.framework */ = {isa = PBXFileReference; lastKnownFileType = wrapper.framework; name = CoreLocation.framework; path = System/Library/Frameworks/CoreLocation.framework; sourceTree = SDKROOT; };
		1D30AB110D05D00D00671497 /* Foundation.framework */ = {isa = PBXFileReference; lastKnownFileType = wrapper.framework; name = Foundation.framework; path = System/Library/Frameworks/Foundation.framework; sourceTree = SDKROOT; };
		1D3623240D0F684500981E51 /* KMLViewerAppDelegate.h */ = {isa = PBXFileReference; fileEncoding = 4; lastKnownFileType = sourcecode.c.h; path = KMLViewerAppDelegate.h; sourceTree = "<group>"; };
		1D3623250D0F684500981E51 /* KMLViewerAppDelegate.m */ = {isa = PBXFileReference; fileEncoding = 4; lastKnownFileType = sourcecode.c.objc; path = KMLViewerAppDelegate.m; sourceTree = "<group>"; };
		1D6058910D05DD3D006BFB54 /* KMLViewer.app */ = {isa = PBXFileReference; explicitFileType = wrapper.application; includeInIndex = 0; path = KMLViewer.app; sourceTree = BUILT_PRODUCTS_DIR; };
		1DF5F4DF0D08C38300B7A737 /* UIKit.framework */ = {isa = PBXFileReference; lastKnownFileType = wrapper.framework; name = UIKit.framework; path = System/Library/Frameworks/UIKit.framework; sourceTree = SDKROOT; };
		288765A40DF7441C002DB57D /* CoreGraphics.framework */ = {isa = PBXFileReference; lastKnownFileType = wrapper.framework; name = CoreGraphics.framework; path = System/Library/Frameworks/CoreGraphics.framework; sourceTree = SDKROOT; };
		28D7ACF60DDB3853001CB0EB /* KMLViewerViewController.h */ = {isa = PBXFileReference; fileEncoding = 4; lastKnownFileType = sourcecode.c.h; path = KMLViewerViewController.h; sourceTree = "<group>"; };
		28D7ACF70DDB3853001CB0EB /* KMLViewerViewController.m */ = {isa = PBXFileReference; fileEncoding = 4; lastKnownFileType = sourcecode.c.objc; path = KMLViewerViewController.m; sourceTree = "<group>"; };
		29B97316FDCFA39411CA2CEA /* main.m */ = {isa = PBXFileReference; fileEncoding = 4; lastKnownFileType = sourcecode.c.objc; path = main.m; sourceTree = "<group>"; };
		32CA4F630368D1EE00C91783 /* KMLViewer_Prefix.pch */ = {isa = PBXFileReference; fileEncoding = 4; lastKnownFileType = sourcecode.c.h; path = KMLViewer_Prefix.pch; sourceTree = "<group>"; };
		533ECC0811F63EA00067A265 /* en */ = {isa = PBXFileReference; lastKnownFileType = file.xib; name = en; path = en.lproj/KMLViewerViewController.xib; sourceTree = "<group>"; };
		533ECC0A11F63EA00067A265 /* en */ = {isa = PBXFileReference; lastKnownFileType = file.xib; name = en; path = en.lproj/MainWindow.xib; sourceTree = "<group>"; };
		535BE74314B7C82C00969FF3 /* KML_Sample.kml */ = {isa = PBXFileReference; fileEncoding = 4; lastKnownFileType = text.xml; path = KML_Sample.kml; sourceTree = "<group>"; };
		5398E9E611F640E0002BFB95 /* Icon-72.png */ = {isa = PBXFileReference; lastKnownFileType = image.png; path = "Icon-72.png"; sourceTree = "<group>"; };
		5398E9E711F640E0002BFB95 /* Icon-Small-50.png */ = {isa = PBXFileReference; lastKnownFileType = image.png; path = "Icon-Small-50.png"; sourceTree = "<group>"; };
		5398E9E811F640E0002BFB95 /* Icon-Small.png */ = {isa = PBXFileReference; lastKnownFileType = image.png; path = "Icon-Small.png"; sourceTree = "<group>"; };
		5398E9E911F640E0002BFB95 /* Icon-Small@2x.png */ = {isa = PBXFileReference; lastKnownFileType = image.png; path = "Icon-Small@2x.png"; sourceTree = "<group>"; };
		5398E9EA11F640E0002BFB95 /* Icon.png */ = {isa = PBXFileReference; lastKnownFileType = image.png; path = Icon.png; sourceTree = "<group>"; };
		5398E9EB11F640E0002BFB95 /* Icon@2x.png */ = {isa = PBXFileReference; lastKnownFileType = image.png; path = "Icon@2x.png"; sourceTree = "<group>"; };
		5398E9EC11F640E0002BFB95 /* iTunesArtwork */ = {isa = PBXFileReference; lastKnownFileType = file; path = iTunesArtwork; sourceTree = "<group>"; };
		53B57E68121C39C0004A1403 /* ReadMe.txt */ = {isa = PBXFileReference; fileEncoding = 4; lastKnownFileType = text; path = ReadMe.txt; sourceTree = "<group>"; };
		8D1107310486CEB800E47090 /* KMLViewer-Info.plist */ = {isa = PBXFileReference; fileEncoding = 4; lastKnownFileType = text.plist.xml; path = "KMLViewer-Info.plist"; plistStructureDefinitionIdentifier = "com.apple.xcode.plist.structure-definition.iphone.info-plist"; sourceTree = "<group>"; };
		9D48EF7418FD9F4800CAAA02 /* Praça Portugal.GPX */ = {isa = PBXFileReference; fileEncoding = 4; lastKnownFileType = text.xml; path = "Praça Portugal.GPX"; sourceTree = "<group>"; };
		9DCDF83518FC03340073E063 /* Mapa Cicloviário e de Rotas Alternativas de Fortaleza.kml */ = {isa = PBXFileReference; fileEncoding = 4; lastKnownFileType = text.xml; path = "Mapa Cicloviário e de Rotas Alternativas de Fortaleza.kml"; sourceTree = "<group>"; };
		9DD1AA91190DABB3008D7C14 /* Default-568h@2x.png */ = {isa = PBXFileReference; lastKnownFileType = image.png; path = "Default-568h@2x.png"; sourceTree = "<group>"; };
		9DD1AA95190DADFF008D7C14 /* AFHTTPRequestOperation.h */ = {isa = PBXFileReference; fileEncoding = 4; lastKnownFileType = sourcecode.c.h; path = AFHTTPRequestOperation.h; sourceTree = "<group>"; };
		9DD1AA96190DADFF008D7C14 /* AFHTTPRequestOperation.m */ = {isa = PBXFileReference; fileEncoding = 4; lastKnownFileType = sourcecode.c.objc; path = AFHTTPRequestOperation.m; sourceTree = "<group>"; };
		9DD1AA97190DADFF008D7C14 /* AFHTTPRequestOperationManager.h */ = {isa = PBXFileReference; fileEncoding = 4; lastKnownFileType = sourcecode.c.h; path = AFHTTPRequestOperationManager.h; sourceTree = "<group>"; };
		9DD1AA98190DADFF008D7C14 /* AFHTTPRequestOperationManager.m */ = {isa = PBXFileReference; fileEncoding = 4; lastKnownFileType = sourcecode.c.objc; path = AFHTTPRequestOperationManager.m; sourceTree = "<group>"; };
		9DD1AA99190DADFF008D7C14 /* AFHTTPSessionManager.h */ = {isa = PBXFileReference; fileEncoding = 4; lastKnownFileType = sourcecode.c.h; path = AFHTTPSessionManager.h; sourceTree = "<group>"; };
		9DD1AA9A190DADFF008D7C14 /* AFHTTPSessionManager.m */ = {isa = PBXFileReference; fileEncoding = 4; lastKnownFileType = sourcecode.c.objc; path = AFHTTPSessionManager.m; sourceTree = "<group>"; };
		9DD1AA9B190DADFF008D7C14 /* AFNetworking.h */ = {isa = PBXFileReference; fileEncoding = 4; lastKnownFileType = sourcecode.c.h; path = AFNetworking.h; sourceTree = "<group>"; };
		9DD1AA9C190DADFF008D7C14 /* AFNetworkReachabilityManager.h */ = {isa = PBXFileReference; fileEncoding = 4; lastKnownFileType = sourcecode.c.h; path = AFNetworkReachabilityManager.h; sourceTree = "<group>"; };
		9DD1AA9D190DADFF008D7C14 /* AFNetworkReachabilityManager.m */ = {isa = PBXFileReference; fileEncoding = 4; lastKnownFileType = sourcecode.c.objc; path = AFNetworkReachabilityManager.m; sourceTree = "<group>"; };
		9DD1AA9E190DADFF008D7C14 /* AFSecurityPolicy.h */ = {isa = PBXFileReference; fileEncoding = 4; lastKnownFileType = sourcecode.c.h; path = AFSecurityPolicy.h; sourceTree = "<group>"; };
		9DD1AA9F190DADFF008D7C14 /* AFSecurityPolicy.m */ = {isa = PBXFileReference; fileEncoding = 4; lastKnownFileType = sourcecode.c.objc; path = AFSecurityPolicy.m; sourceTree = "<group>"; };
		9DD1AAA0190DADFF008D7C14 /* AFURLConnectionOperation.h */ = {isa = PBXFileReference; fileEncoding = 4; lastKnownFileType = sourcecode.c.h; path = AFURLConnectionOperation.h; sourceTree = "<group>"; };
		9DD1AAA1190DADFF008D7C14 /* AFURLConnectionOperation.m */ = {isa = PBXFileReference; fileEncoding = 4; lastKnownFileType = sourcecode.c.objc; path = AFURLConnectionOperation.m; sourceTree = "<group>"; };
		9DD1AAA2190DADFF008D7C14 /* AFURLRequestSerialization.h */ = {isa = PBXFileReference; fileEncoding = 4; lastKnownFileType = sourcecode.c.h; path = AFURLRequestSerialization.h; sourceTree = "<group>"; };
		9DD1AAA3190DADFF008D7C14 /* AFURLRequestSerialization.m */ = {isa = PBXFileReference; fileEncoding = 4; lastKnownFileType = sourcecode.c.objc; path = AFURLRequestSerialization.m; sourceTree = "<group>"; };
		9DD1AAA4190DADFF008D7C14 /* AFURLResponseSerialization.h */ = {isa = PBXFileReference; fileEncoding = 4; lastKnownFileType = sourcecode.c.h; path = AFURLResponseSerialization.h; sourceTree = "<group>"; };
		9DD1AAA5190DADFF008D7C14 /* AFURLResponseSerialization.m */ = {isa = PBXFileReference; fileEncoding = 4; lastKnownFileType = sourcecode.c.objc; path = AFURLResponseSerialization.m; sourceTree = "<group>"; };
		9DD1AAA6190DADFF008D7C14 /* AFURLSessionManager.h */ = {isa = PBXFileReference; fileEncoding = 4; lastKnownFileType = sourcecode.c.h; path = AFURLSessionManager.h; sourceTree = "<group>"; };
		9DD1AAA7190DADFF008D7C14 /* AFURLSessionManager.m */ = {isa = PBXFileReference; fileEncoding = 4; lastKnownFileType = sourcecode.c.objc; path = AFURLSessionManager.m; sourceTree = "<group>"; };
		9DD1AAA9190DADFF008D7C14 /* AFNetworkActivityIndicatorManager.h */ = {isa = PBXFileReference; fileEncoding = 4; lastKnownFileType = sourcecode.c.h; path = AFNetworkActivityIndicatorManager.h; sourceTree = "<group>"; };
		9DD1AAAA190DADFF008D7C14 /* AFNetworkActivityIndicatorManager.m */ = {isa = PBXFileReference; fileEncoding = 4; lastKnownFileType = sourcecode.c.objc; path = AFNetworkActivityIndicatorManager.m; sourceTree = "<group>"; };
		9DD1AAAB190DADFF008D7C14 /* UIActivityIndicatorView+AFNetworking.h */ = {isa = PBXFileReference; fileEncoding = 4; lastKnownFileType = sourcecode.c.h; path = "UIActivityIndicatorView+AFNetworking.h"; sourceTree = "<group>"; };
		9DD1AAAC190DADFF008D7C14 /* UIActivityIndicatorView+AFNetworking.m */ = {isa = PBXFileReference; fileEncoding = 4; lastKnownFileType = sourcecode.c.objc; path = "UIActivityIndicatorView+AFNetworking.m"; sourceTree = "<group>"; };
		9DD1AAAD190DADFF008D7C14 /* UIAlertView+AFNetworking.h */ = {isa = PBXFileReference; fileEncoding = 4; lastKnownFileType = sourcecode.c.h; path = "UIAlertView+AFNetworking.h"; sourceTree = "<group>"; };
		9DD1AAAE190DADFF008D7C14 /* UIAlertView+AFNetworking.m */ = {isa = PBXFileReference; fileEncoding = 4; lastKnownFileType = sourcecode.c.objc; path = "UIAlertView+AFNetworking.m"; sourceTree = "<group>"; };
		9DD1AAAF190DADFF008D7C14 /* UIButton+AFNetworking.h */ = {isa = PBXFileReference; fileEncoding = 4; lastKnownFileType = sourcecode.c.h; path = "UIButton+AFNetworking.h"; sourceTree = "<group>"; };
		9DD1AAB0190DADFF008D7C14 /* UIButton+AFNetworking.m */ = {isa = PBXFileReference; fileEncoding = 4; lastKnownFileType = sourcecode.c.objc; path = "UIButton+AFNetworking.m"; sourceTree = "<group>"; };
		9DD1AAB1190DADFF008D7C14 /* UIImageView+AFNetworking.h */ = {isa = PBXFileReference; fileEncoding = 4; lastKnownFileType = sourcecode.c.h; path = "UIImageView+AFNetworking.h"; sourceTree = "<group>"; };
		9DD1AAB2190DADFF008D7C14 /* UIImageView+AFNetworking.m */ = {isa = PBXFileReference; fileEncoding = 4; lastKnownFileType = sourcecode.c.objc; path = "UIImageView+AFNetworking.m"; sourceTree = "<group>"; };
		9DD1AAB3190DADFF008D7C14 /* UIKit+AFNetworking.h */ = {isa = PBXFileReference; fileEncoding = 4; lastKnownFileType = sourcecode.c.h; path = "UIKit+AFNetworking.h"; sourceTree = "<group>"; };
		9DD1AAB4190DADFF008D7C14 /* UIProgressView+AFNetworking.h */ = {isa = PBXFileReference; fileEncoding = 4; lastKnownFileType = sourcecode.c.h; path = "UIProgressView+AFNetworking.h"; sourceTree = "<group>"; };
		9DD1AAB5190DADFF008D7C14 /* UIProgressView+AFNetworking.m */ = {isa = PBXFileReference; fileEncoding = 4; lastKnownFileType = sourcecode.c.objc; path = "UIProgressView+AFNetworking.m"; sourceTree = "<group>"; };
		9DD1AAB6190DADFF008D7C14 /* UIRefreshControl+AFNetworking.h */ = {isa = PBXFileReference; fileEncoding = 4; lastKnownFileType = sourcecode.c.h; path = "UIRefreshControl+AFNetworking.h"; sourceTree = "<group>"; };
		9DD1AAB7190DADFF008D7C14 /* UIRefreshControl+AFNetworking.m */ = {isa = PBXFileReference; fileEncoding = 4; lastKnownFileType = sourcecode.c.objc; path = "UIRefreshControl+AFNetworking.m"; sourceTree = "<group>"; };
		9DD1AAB8190DADFF008D7C14 /* UIWebView+AFNetworking.h */ = {isa = PBXFileReference; fileEncoding = 4; lastKnownFileType = sourcecode.c.h; path = "UIWebView+AFNetworking.h"; sourceTree = "<group>"; };
		9DD1AAB9190DADFF008D7C14 /* UIWebView+AFNetworking.m */ = {isa = PBXFileReference; fileEncoding = 4; lastKnownFileType = sourcecode.c.objc; path = "UIWebView+AFNetworking.m"; sourceTree = "<group>"; };
		9DD1AACB190DB388008D7C14 /* SystemConfiguration.framework */ = {isa = PBXFileReference; lastKnownFileType = wrapper.framework; name = SystemConfiguration.framework; path = System/Library/Frameworks/SystemConfiguration.framework; sourceTree = SDKROOT; };
		9DD1AACD190DB3A8008D7C14 /* CFNetwork.framework */ = {isa = PBXFileReference; lastKnownFileType = wrapper.framework; name = CFNetwork.framework; path = System/Library/Frameworks/CFNetwork.framework; sourceTree = SDKROOT; };
		9DD1AACF190DB3B4008D7C14 /* Security.framework */ = {isa = PBXFileReference; lastKnownFileType = wrapper.framework; name = Security.framework; path = System/Library/Frameworks/Security.framework; sourceTree = SDKROOT; };
		9DD1AAD1190DB484008D7C14 /* MobileCoreServices.framework */ = {isa = PBXFileReference; lastKnownFileType = wrapper.framework; name = MobileCoreServices.framework; path = System/Library/Frameworks/MobileCoreServices.framework; sourceTree = SDKROOT; };
		9DE86A4819103F8A002429B4 /* RequestManager.h */ = {isa = PBXFileReference; fileEncoding = 4; lastKnownFileType = sourcecode.c.h; path = RequestManager.h; sourceTree = "<group>"; };
		9DE86A4919103F8A002429B4 /* RequestManager.m */ = {isa = PBXFileReference; fileEncoding = 4; lastKnownFileType = sourcecode.c.objc; path = RequestManager.m; sourceTree = "<group>"; };
		9DE86A4B191040DE002429B4 /* Manager.h */ = {isa = PBXFileReference; fileEncoding = 4; lastKnownFileType = sourcecode.c.h; path = Manager.h; sourceTree = "<group>"; };
		9DE86A4C191040DE002429B4 /* Manager.m */ = {isa = PBXFileReference; fileEncoding = 4; lastKnownFileType = sourcecode.c.objc; path = Manager.m; sourceTree = "<group>"; };
		9DE86A52191051F7002429B4 /* KMLManager.h */ = {isa = PBXFileReference; fileEncoding = 4; lastKnownFileType = sourcecode.c.h; path = KMLManager.h; sourceTree = "<group>"; };
		9DE86A53191051F7002429B4 /* KMLManager.m */ = {isa = PBXFileReference; fileEncoding = 4; lastKnownFileType = sourcecode.c.objc; path = KMLManager.m; sourceTree = "<group>"; };
		9DE86A55191055B8002429B4 /* BasicManager.h */ = {isa = PBXFileReference; fileEncoding = 4; lastKnownFileType = sourcecode.c.h; path = BasicManager.h; sourceTree = "<group>"; };
		9DE86A56191055B8002429B4 /* BasicManager.m */ = {isa = PBXFileReference; fileEncoding = 4; lastKnownFileType = sourcecode.c.objc; path = BasicManager.m; sourceTree = "<group>"; };
		9DF73F4A190DE2AA00C4CEEA /* Tapioqueiras_até_Guaramiranga.kml */ = {isa = PBXFileReference; fileEncoding = 4; lastKnownFileType = text.xml; path = "Tapioqueiras_até_Guaramiranga.kml"; sourceTree = "<group>"; };
/* End PBXFileReference section */

/* Begin PBXFrameworksBuildPhase section */
		1D60588F0D05DD3D006BFB54 /* Frameworks */ = {
			isa = PBXFrameworksBuildPhase;
			buildActionMask = 2147483647;
			files = (
				288765A50DF7441C002DB57D /* CoreGraphics.framework in Frameworks */,
				9DD1AAD2190DB485008D7C14 /* MobileCoreServices.framework in Frameworks */,
				9DD1AAD0190DB3B4008D7C14 /* Security.framework in Frameworks */,
				9DD1AACE190DB3A8008D7C14 /* CFNetwork.framework in Frameworks */,
				9DD1AACC190DB388008D7C14 /* SystemConfiguration.framework in Frameworks */,
				1D60589F0D05DD5A006BFB54 /* Foundation.framework in Frameworks */,
				1DF5F4E00D08C38300B7A737 /* UIKit.framework in Frameworks */,
				1A4B76FB11907DD600940A50 /* MapKit.framework in Frameworks */,
				1A4B77311190911400940A50 /* CoreLocation.framework in Frameworks */,
			);
			runOnlyForDeploymentPostprocessing = 0;
		};
/* End PBXFrameworksBuildPhase section */

/* Begin PBXGroup section */
		080E96DDFE201D6D7F000001 /* Classes */ = {
			isa = PBXGroup;
			children = (
				9DE86A5119104108002429B4 /* AppDelegate */,
				9DE86A50191040FB002429B4 /* ViewControllers */,
				9DE86A4F191040EF002429B4 /* Parser */,
				9DE86A4E191040E5002429B4 /* Manager */,
			);
			path = Classes;
			sourceTree = "<group>";
		};
		19C28FACFE9D520D11CA2CBB /* Products */ = {
			isa = PBXGroup;
			children = (
				1D6058910D05DD3D006BFB54 /* KMLViewer.app */,
			);
			name = Products;
			sourceTree = "<group>";
		};
		29B97314FDCFA39411CA2CEA /* CustomTemplate */ = {
			isa = PBXGroup;
			children = (
				9DD1AA93190DADDA008D7C14 /* Libs */,
				9DD1AA91190DABB3008D7C14 /* Default-568h@2x.png */,
				53B57E68121C39C0004A1403 /* ReadMe.txt */,
				080E96DDFE201D6D7F000001 /* Classes */,
				29B97315FDCFA39411CA2CEA /* Other Sources */,
				29B97317FDCFA39411CA2CEA /* Resources */,
				29B97323FDCFA39411CA2CEA /* Frameworks */,
				19C28FACFE9D520D11CA2CBB /* Products */,
			);
			name = CustomTemplate;
			sourceTree = "<group>";
		};
		29B97315FDCFA39411CA2CEA /* Other Sources */ = {
			isa = PBXGroup;
			children = (
				32CA4F630368D1EE00C91783 /* KMLViewer_Prefix.pch */,
				29B97316FDCFA39411CA2CEA /* main.m */,
			);
			name = "Other Sources";
			sourceTree = "<group>";
		};
		29B97317FDCFA39411CA2CEA /* Resources */ = {
			isa = PBXGroup;
			children = (
				9DCDF83518FC03340073E063 /* Mapa Cicloviário e de Rotas Alternativas de Fortaleza.kml */,
				5398E9E511F640E0002BFB95 /* images */,
				533ECC0711F63EA00067A265 /* KMLViewerViewController.xib */,
				533ECC0911F63EA00067A265 /* MainWindow.xib */,
				8D1107310486CEB800E47090 /* KMLViewer-Info.plist */,
				535BE74314B7C82C00969FF3 /* KML_Sample.kml */,
				9D48EF7418FD9F4800CAAA02 /* Praça Portugal.GPX */,
				9DF73F4A190DE2AA00C4CEEA /* Tapioqueiras_até_Guaramiranga.kml */,
			);
			name = Resources;
			sourceTree = "<group>";
		};
		29B97323FDCFA39411CA2CEA /* Frameworks */ = {
			isa = PBXGroup;
			children = (
				9DD1AAD1190DB484008D7C14 /* MobileCoreServices.framework */,
				9DD1AACF190DB3B4008D7C14 /* Security.framework */,
				9DD1AACD190DB3A8008D7C14 /* CFNetwork.framework */,
				9DD1AACB190DB388008D7C14 /* SystemConfiguration.framework */,
				1A4B77301190911400940A50 /* CoreLocation.framework */,
				1A4B76FA11907DD600940A50 /* MapKit.framework */,
				1DF5F4DF0D08C38300B7A737 /* UIKit.framework */,
				1D30AB110D05D00D00671497 /* Foundation.framework */,
				288765A40DF7441C002DB57D /* CoreGraphics.framework */,
			);
			name = Frameworks;
			sourceTree = "<group>";
		};
		5398E9E511F640E0002BFB95 /* images */ = {
			isa = PBXGroup;
			children = (
				5398E9E611F640E0002BFB95 /* Icon-72.png */,
				5398E9E711F640E0002BFB95 /* Icon-Small-50.png */,
				5398E9E811F640E0002BFB95 /* Icon-Small.png */,
				5398E9E911F640E0002BFB95 /* Icon-Small@2x.png */,
				5398E9EA11F640E0002BFB95 /* Icon.png */,
				5398E9EB11F640E0002BFB95 /* Icon@2x.png */,
				5398E9EC11F640E0002BFB95 /* iTunesArtwork */,
			);
			path = images;
			sourceTree = "<group>";
		};
		9DD1AA93190DADDA008D7C14 /* Libs */ = {
			isa = PBXGroup;
			children = (
				9DD1AA94190DADFF008D7C14 /* AFNetworking */,
				9DD1AAA8190DADFF008D7C14 /* UIKit+AFNetworking */,
			);
			name = Libs;
			sourceTree = "<group>";
		};
		9DD1AA94190DADFF008D7C14 /* AFNetworking */ = {
			isa = PBXGroup;
			children = (
				9DD1AA95190DADFF008D7C14 /* AFHTTPRequestOperation.h */,
				9DD1AA96190DADFF008D7C14 /* AFHTTPRequestOperation.m */,
				9DD1AA97190DADFF008D7C14 /* AFHTTPRequestOperationManager.h */,
				9DD1AA98190DADFF008D7C14 /* AFHTTPRequestOperationManager.m */,
				9DD1AA99190DADFF008D7C14 /* AFHTTPSessionManager.h */,
				9DD1AA9A190DADFF008D7C14 /* AFHTTPSessionManager.m */,
				9DD1AA9B190DADFF008D7C14 /* AFNetworking.h */,
				9DD1AA9C190DADFF008D7C14 /* AFNetworkReachabilityManager.h */,
				9DD1AA9D190DADFF008D7C14 /* AFNetworkReachabilityManager.m */,
				9DD1AA9E190DADFF008D7C14 /* AFSecurityPolicy.h */,
				9DD1AA9F190DADFF008D7C14 /* AFSecurityPolicy.m */,
				9DD1AAA0190DADFF008D7C14 /* AFURLConnectionOperation.h */,
				9DD1AAA1190DADFF008D7C14 /* AFURLConnectionOperation.m */,
				9DD1AAA2190DADFF008D7C14 /* AFURLRequestSerialization.h */,
				9DD1AAA3190DADFF008D7C14 /* AFURLRequestSerialization.m */,
				9DD1AAA4190DADFF008D7C14 /* AFURLResponseSerialization.h */,
				9DD1AAA5190DADFF008D7C14 /* AFURLResponseSerialization.m */,
				9DD1AAA6190DADFF008D7C14 /* AFURLSessionManager.h */,
				9DD1AAA7190DADFF008D7C14 /* AFURLSessionManager.m */,
			);
			path = AFNetworking;
			sourceTree = "<group>";
		};
		9DD1AAA8190DADFF008D7C14 /* UIKit+AFNetworking */ = {
			isa = PBXGroup;
			children = (
				9DD1AAA9190DADFF008D7C14 /* AFNetworkActivityIndicatorManager.h */,
				9DD1AAAA190DADFF008D7C14 /* AFNetworkActivityIndicatorManager.m */,
				9DD1AAAB190DADFF008D7C14 /* UIActivityIndicatorView+AFNetworking.h */,
				9DD1AAAC190DADFF008D7C14 /* UIActivityIndicatorView+AFNetworking.m */,
				9DD1AAAD190DADFF008D7C14 /* UIAlertView+AFNetworking.h */,
				9DD1AAAE190DADFF008D7C14 /* UIAlertView+AFNetworking.m */,
				9DD1AAAF190DADFF008D7C14 /* UIButton+AFNetworking.h */,
				9DD1AAB0190DADFF008D7C14 /* UIButton+AFNetworking.m */,
				9DD1AAB1190DADFF008D7C14 /* UIImageView+AFNetworking.h */,
				9DD1AAB2190DADFF008D7C14 /* UIImageView+AFNetworking.m */,
				9DD1AAB3190DADFF008D7C14 /* UIKit+AFNetworking.h */,
				9DD1AAB4190DADFF008D7C14 /* UIProgressView+AFNetworking.h */,
				9DD1AAB5190DADFF008D7C14 /* UIProgressView+AFNetworking.m */,
				9DD1AAB6190DADFF008D7C14 /* UIRefreshControl+AFNetworking.h */,
				9DD1AAB7190DADFF008D7C14 /* UIRefreshControl+AFNetworking.m */,
				9DD1AAB8190DADFF008D7C14 /* UIWebView+AFNetworking.h */,
				9DD1AAB9190DADFF008D7C14 /* UIWebView+AFNetworking.m */,
			);
			path = "UIKit+AFNetworking";
			sourceTree = "<group>";
		};
		9DE86A4E191040E5002429B4 /* Manager */ = {
			isa = PBXGroup;
			children = (
				9DE86A4B191040DE002429B4 /* Manager.h */,
				9DE86A4C191040DE002429B4 /* Manager.m */,
				9DE86A55191055B8002429B4 /* BasicManager.h */,
				9DE86A56191055B8002429B4 /* BasicManager.m */,
				9DE86A4819103F8A002429B4 /* RequestManager.h */,
				9DE86A4919103F8A002429B4 /* RequestManager.m */,
				9DE86A52191051F7002429B4 /* KMLManager.h */,
				9DE86A53191051F7002429B4 /* KMLManager.m */,
			);
			name = Manager;
			sourceTree = "<group>";
		};
		9DE86A4F191040EF002429B4 /* Parser */ = {
			isa = PBXGroup;
			children = (
				1A4B770811907E0300940A50 /* KMLParser.h */,
				1A4B770911907E0300940A50 /* KMLParser.m */,
			);
			name = Parser;
			sourceTree = "<group>";
		};
		9DE86A50191040FB002429B4 /* ViewControllers */ = {
			isa = PBXGroup;
			children = (
				28D7ACF60DDB3853001CB0EB /* KMLViewerViewController.h */,
				28D7ACF70DDB3853001CB0EB /* KMLViewerViewController.m */,
			);
			name = ViewControllers;
			sourceTree = "<group>";
		};
		9DE86A5119104108002429B4 /* AppDelegate */ = {
			isa = PBXGroup;
			children = (
				1D3623240D0F684500981E51 /* KMLViewerAppDelegate.h */,
				1D3623250D0F684500981E51 /* KMLViewerAppDelegate.m */,
			);
			name = AppDelegate;
			sourceTree = "<group>";
		};
/* End PBXGroup section */

/* Begin PBXNativeTarget section */
		1D6058900D05DD3D006BFB54 /* KMLViewer */ = {
			isa = PBXNativeTarget;
			buildConfigurationList = 1D6058960D05DD3E006BFB54 /* Build configuration list for PBXNativeTarget "KMLViewer" */;
			buildPhases = (
				1D60588D0D05DD3D006BFB54 /* Resources */,
				1D60588E0D05DD3D006BFB54 /* Sources */,
				1D60588F0D05DD3D006BFB54 /* Frameworks */,
			);
			buildRules = (
			);
			dependencies = (
			);
			name = KMLViewer;
			productName = KMLViewer;
			productReference = 1D6058910D05DD3D006BFB54 /* KMLViewer.app */;
			productType = "com.apple.product-type.application";
		};
/* End PBXNativeTarget section */

/* Begin PBXProject section */
		29B97313FDCFA39411CA2CEA /* Project object */ = {
			isa = PBXProject;
			attributes = {
				LastUpgradeCheck = 0420;
			};
			buildConfigurationList = C01FCF4E08A954540054247B /* Build configuration list for PBXProject "KMLViewer" */;
			compatibilityVersion = "Xcode 3.2";
			developmentRegion = English;
			hasScannedForEncodings = 1;
			knownRegions = (
				English,
				Japanese,
				French,
				German,
				en,
			);
			mainGroup = 29B97314FDCFA39411CA2CEA /* CustomTemplate */;
			projectDirPath = "";
			projectRoot = "";
			targets = (
				1D6058900D05DD3D006BFB54 /* KMLViewer */,
			);
		};
/* End PBXProject section */

/* Begin PBXResourcesBuildPhase section */
		1D60588D0D05DD3D006BFB54 /* Resources */ = {
			isa = PBXResourcesBuildPhase;
			buildActionMask = 2147483647;
			files = (
				533ECC0B11F63EA00067A265 /* KMLViewerViewController.xib in Resources */,
				533ECC0C11F63EA00067A265 /* MainWindow.xib in Resources */,
				5398E9ED11F640E0002BFB95 /* Icon-72.png in Resources */,
				5398E9EE11F640E0002BFB95 /* Icon-Small-50.png in Resources */,
				5398E9EF11F640E0002BFB95 /* Icon-Small.png in Resources */,
				5398E9F011F640E0002BFB95 /* Icon-Small@2x.png in Resources */,
				9DCDF83618FC03340073E063 /* Mapa Cicloviário e de Rotas Alternativas de Fortaleza.kml in Resources */,
				5398E9F111F640E0002BFB95 /* Icon.png in Resources */,
				9D48EF7518FD9F4800CAAA02 /* Praça Portugal.GPX in Resources */,
				9DF73F4B190DE2AA00C4CEEA /* Tapioqueiras_até_Guaramiranga.kml in Resources */,
				9DD1AA92190DABB3008D7C14 /* Default-568h@2x.png in Resources */,
				5398E9F211F640E0002BFB95 /* Icon@2x.png in Resources */,
				5398E9F311F640E0002BFB95 /* iTunesArtwork in Resources */,
				535BE74414B7C82C00969FF3 /* KML_Sample.kml in Resources */,
			);
			runOnlyForDeploymentPostprocessing = 0;
		};
/* End PBXResourcesBuildPhase section */

/* Begin PBXSourcesBuildPhase section */
		1D60588E0D05DD3D006BFB54 /* Sources */ = {
			isa = PBXSourcesBuildPhase;
			buildActionMask = 2147483647;
			files = (
				9DD1AAC8190DADFF008D7C14 /* UIProgressView+AFNetworking.m in Sources */,
				9DD1AAC6190DADFF008D7C14 /* UIButton+AFNetworking.m in Sources */,
				9DD1AAC9190DADFF008D7C14 /* UIRefreshControl+AFNetworking.m in Sources */,
				9DD1AAC5190DADFF008D7C14 /* UIAlertView+AFNetworking.m in Sources */,
				1D60589B0D05DD56006BFB54 /* main.m in Sources */,
				9DD1AABE190DADFF008D7C14 /* AFSecurityPolicy.m in Sources */,
				1D3623260D0F684500981E51 /* KMLViewerAppDelegate.m in Sources */,
				9DE86A4A19103F8A002429B4 /* RequestManager.m in Sources */,
				9DD1AABB190DADFF008D7C14 /* AFHTTPRequestOperationManager.m in Sources */,
				9DD1AABF190DADFF008D7C14 /* AFURLConnectionOperation.m in Sources */,
				9DD1AAC7190DADFF008D7C14 /* UIImageView+AFNetworking.m in Sources */,
				9DE86A54191051F7002429B4 /* KMLManager.m in Sources */,
				9DD1AABA190DADFF008D7C14 /* AFHTTPRequestOperation.m in Sources */,
				9DD1AAC4190DADFF008D7C14 /* UIActivityIndicatorView+AFNetworking.m in Sources */,
				28D7ACF80DDB3853001CB0EB /* KMLViewerViewController.m in Sources */,
				9DD1AAC0190DADFF008D7C14 /* AFURLRequestSerialization.m in Sources */,
				9DE86A4D191040DE002429B4 /* Manager.m in Sources */,
				9DD1AABC190DADFF008D7C14 /* AFHTTPSessionManager.m in Sources */,
				9DD1AABD190DADFF008D7C14 /* AFNetworkReachabilityManager.m in Sources */,
				9DD1AAC1190DADFF008D7C14 /* AFURLResponseSerialization.m in Sources */,
				9DD1AACA190DADFF008D7C14 /* UIWebView+AFNetworking.m in Sources */,
				9DD1AAC2190DADFF008D7C14 /* AFURLSessionManager.m in Sources */,
				9DE86A57191055B8002429B4 /* BasicManager.m in Sources */,
				9DD1AAC3190DADFF008D7C14 /* AFNetworkActivityIndicatorManager.m in Sources */,
				1A4B770A11907E0300940A50 /* KMLParser.m in Sources */,
			);
			runOnlyForDeploymentPostprocessing = 0;
		};
/* End PBXSourcesBuildPhase section */

/* Begin PBXVariantGroup section */
		533ECC0711F63EA00067A265 /* KMLViewerViewController.xib */ = {
			isa = PBXVariantGroup;
			children = (
				533ECC0811F63EA00067A265 /* en */,
			);
			name = KMLViewerViewController.xib;
			sourceTree = "<group>";
		};
		533ECC0911F63EA00067A265 /* MainWindow.xib */ = {
			isa = PBXVariantGroup;
			children = (
				533ECC0A11F63EA00067A265 /* en */,
			);
			name = MainWindow.xib;
			sourceTree = "<group>";
		};
/* End PBXVariantGroup section */

/* Begin XCBuildConfiguration section */
		1D6058940D05DD3E006BFB54 /* Debug */ = {
			isa = XCBuildConfiguration;
			buildSettings = {
				ALWAYS_SEARCH_USER_PATHS = NO;
				ARCHS = (
					armv6,
					"$(ARCHS_STANDARD_32_BIT)",
				);
				CLANG_ENABLE_OBJC_ARC = YES;
				COPY_PHASE_STRIP = NO;
				GCC_DYNAMIC_NO_PIC = NO;
				GCC_OPTIMIZATION_LEVEL = 0;
				GCC_PRECOMPILE_PREFIX_HEADER = YES;
				GCC_PREFIX_HEADER = KMLViewer_Prefix.pch;
				INFOPLIST_FILE = "KMLViewer-Info.plist";
				IPHONEOS_DEPLOYMENT_TARGET = 7.0;
				PRODUCT_NAME = KMLViewer;
			};
			name = Debug;
		};
		1D6058950D05DD3E006BFB54 /* Release */ = {
			isa = XCBuildConfiguration;
			buildSettings = {
				ALWAYS_SEARCH_USER_PATHS = NO;
				ARCHS = (
					armv6,
					"$(ARCHS_STANDARD_32_BIT)",
				);
				CLANG_ENABLE_OBJC_ARC = YES;
				COPY_PHASE_STRIP = YES;
				GCC_PRECOMPILE_PREFIX_HEADER = YES;
				GCC_PREFIX_HEADER = KMLViewer_Prefix.pch;
				INFOPLIST_FILE = "KMLViewer-Info.plist";
				IPHONEOS_DEPLOYMENT_TARGET = 7.0;
				PRODUCT_NAME = KMLViewer;
				VALIDATE_PRODUCT = YES;
			};
			name = Release;
		};
		C01FCF4F08A954540054247B /* Debug */ = {
			isa = XCBuildConfiguration;
			buildSettings = {
				ARCHS = "$(ARCHS_STANDARD_32_BIT)";
				"CODE_SIGN_IDENTITY[sdk=iphoneos*]" = "iPhone Developer";
				GCC_C_LANGUAGE_STANDARD = c99;
				GCC_WARN_ABOUT_RETURN_TYPE = YES;
				GCC_WARN_UNUSED_VARIABLE = YES;
				IPHONEOS_DEPLOYMENT_TARGET = 4.0;
				SDKROOT = iphoneos;
			};
			name = Debug;
		};
		C01FCF5008A954540054247B /* Release */ = {
			isa = XCBuildConfiguration;
			buildSettings = {
				ARCHS = "$(ARCHS_STANDARD_32_BIT)";
				"CODE_SIGN_IDENTITY[sdk=iphoneos*]" = "iPhone Developer";
				GCC_C_LANGUAGE_STANDARD = c99;
				GCC_WARN_ABOUT_RETURN_TYPE = YES;
				GCC_WARN_UNUSED_VARIABLE = YES;
				IPHONEOS_DEPLOYMENT_TARGET = 4.0;
				OTHER_CFLAGS = "-DNS_BLOCK_ASSERTIONS=1";
				SDKROOT = iphoneos;
			};
			name = Release;
		};
/* End XCBuildConfiguration section */

/* Begin XCConfigurationList section */
		1D6058960D05DD3E006BFB54 /* Build configuration list for PBXNativeTarget "KMLViewer" */ = {
			isa = XCConfigurationList;
			buildConfigurations = (
				1D6058940D05DD3E006BFB54 /* Debug */,
				1D6058950D05DD3E006BFB54 /* Release */,
			);
			defaultConfigurationIsVisible = 0;
			defaultConfigurationName = Release;
		};
		C01FCF4E08A954540054247B /* Build configuration list for PBXProject "KMLViewer" */ = {
			isa = XCConfigurationList;
			buildConfigurations = (
				C01FCF4F08A954540054247B /* Debug */,
				C01FCF5008A954540054247B /* Release */,
			);
			defaultConfigurationIsVisible = 0;
			defaultConfigurationName = Release;
		};
/* End XCConfigurationList section */
	};
	rootObject = 29B97313FDCFA39411CA2CEA /* Project object */;
}
